
Microsoft Visual Studio Solution File, Format Version 12.00
# Visual Studio Version 17
VisualStudioVersion = 17.4.33403.182
MinimumVisualStudioVersion = 10.0.40219.1
Project("{9A19103F-16F7-4668-BE54-9A1E7A4F7556}") = "EcommerceWeb", "EcommerceWeb\EcommerceWeb.csproj", "{EAEF85C9-7B9E-4FB0-94F7-405D485ED370}"
EndProject
Global
	GlobalSection(SolutionConfigurationPlatforms) = preSolution
		Debug|Any CPU = Debug|Any CPU
		Release|Any CPU = Release|Any CPU
	EndGlobalSection
	GlobalSection(ProjectConfigurationPlatforms) = postSolution
		{EAEF85C9-7B9E-4FB0-94F7-405D485ED370}.Debug|Any CPU.ActiveCfg = Debug|Any CPU
		{EAEF85C9-7B9E-4FB0-94F7-405D485ED370}.Debug|Any CPU.Build.0 = Debug|Any CPU
		{EAEF85C9-7B9E-4FB0-94F7-405D485ED370}.Release|Any CPU.ActiveCfg = Release|Any CPU
		{EAEF85C9-7B9E-4FB0-94F7-405D485ED370}.Release|Any CPU.Build.0 = Release|Any CPU
	EndGlobalSection
	GlobalSection(SolutionProperties) = preSolution
		HideSolutionNode = FALSE
	EndGlobalSection
	GlobalSection(ExtensibilityGlobals) = postSolution
		SolutionGuid = {14FDEA32-DBB4-42AE-9E44-B9BAF566F324}
	EndGlobalSection
EndGlobal
